
Microsoft Visual Studio Solution File, Format Version 12.00
# Visual Studio 14
VisualStudioVersion = 14.0.25123.0
MinimumVisualStudioVersion = 10.0.40219.1
Project("{888888A0-9F3D-457C-B088-3A5042F75D52}") = "GraphicalCrawler", "GraphicalCrawler\GraphicalCrawler.pyproj", "{A6F4FB4D-F64C-41B7-8005-CE97376DC07D}"
EndProject
Global
	GlobalSection(SolutionConfigurationPlatforms) = preSolution
		Debug|Any CPU = Debug|Any CPU
		Release|Any CPU = Release|Any CPU
	EndGlobalSection
	GlobalSection(ProjectConfigurationPlatforms) = postSolution
		{A6F4FB4D-F64C-41B7-8005-CE97376DC07D}.Debug|Any CPU.ActiveCfg = Debug|Any CPU
		{A6F4FB4D-F64C-41B7-8005-CE97376DC07D}.Debug|Any CPU.Build.0 = Debug|Any CPU
		{A6F4FB4D-F64C-41B7-8005-CE97376DC07D}.Release|Any CPU.ActiveCfg = Release|Any CPU
		{A6F4FB4D-F64C-41B7-8005-CE97376DC07D}.Release|Any CPU.Build.0 = Release|Any CPU
	EndGlobalSection
	GlobalSection(SolutionProperties) = preSolution
		HideSolutionNode = FALSE
	EndGlobalSection
EndGlobal
